
Microsoft Visual Studio Solution File, Format Version 12.00
# Visual Studio Version 16
VisualStudioVersion = 16.0.32228.343
MinimumVisualStudioVersion = 10.0.40219.1
Project("{FAE04EC0-301F-11D3-BF4B-00C04F79EFBC}") = "WebApplicationDatePicker", "WebApplicationDatePicker.csproj", "{0D8845E7-F2BB-49C5-A90F-48972480CA57}"
EndProject
Global
	GlobalSection(SolutionConfigurationPlatforms) = preSolution
		Debug|Any CPU = Debug|Any CPU
		Release|Any CPU = Release|Any CPU
	EndGlobalSection
	GlobalSection(ProjectConfigurationPlatforms) = postSolution
		{0D8845E7-F2BB-49C5-A90F-48972480CA57}.Debug|Any CPU.ActiveCfg = Debug|Any CPU
		{0D8845E7-F2BB-49C5-A90F-48972480CA57}.Debug|Any CPU.Build.0 = Debug|Any CPU
		{0D8845E7-F2BB-49C5-A90F-48972480CA57}.Release|Any CPU.ActiveCfg = Release|Any CPU
		{0D8845E7-F2BB-49C5-A90F-48972480CA57}.Release|Any CPU.Build.0 = Release|Any CPU
	EndGlobalSection
	GlobalSection(SolutionProperties) = preSolution
		HideSolutionNode = FALSE
	EndGlobalSection
	GlobalSection(ExtensibilityGlobals) = postSolution
		SolutionGuid = {16D70304-1556-4FC3-B313-711A5A0225A3}
	EndGlobalSection
EndGlobal
